
Microsoft Visual Studio Solution File, Format Version 12.00
# Visual Studio Version 17
VisualStudioVersion = 17.7.34202.233
MinimumVisualStudioVersion = 10.0.40219.1
Project("{FAE04EC0-301F-11D3-BF4B-00C04F79EFBC}") = "DeptWebAPI", "DeptWebAPI\DeptWebAPI.csproj", "{FD060ADD-C90D-438E-8C14-147DD9EC9021}"
EndProject
Global
	GlobalSection(SolutionConfigurationPlatforms) = preSolution
		Debug|Any CPU = Debug|Any CPU
		Release|Any CPU = Release|Any CPU
	EndGlobalSection
	GlobalSection(ProjectConfigurationPlatforms) = postSolution
		{FD060ADD-C90D-438E-8C14-147DD9EC9021}.Debug|Any CPU.ActiveCfg = Debug|Any CPU
		{FD060ADD-C90D-438E-8C14-147DD9EC9021}.Debug|Any CPU.Build.0 = Debug|Any CPU
		{FD060ADD-C90D-438E-8C14-147DD9EC9021}.Release|Any CPU.ActiveCfg = Release|Any CPU
		{FD060ADD-C90D-438E-8C14-147DD9EC9021}.Release|Any CPU.Build.0 = Release|Any CPU
	EndGlobalSection
	GlobalSection(SolutionProperties) = preSolution
		HideSolutionNode = FALSE
	EndGlobalSection
	GlobalSection(ExtensibilityGlobals) = postSolution
		SolutionGuid = {7E08FC90-FCAA-4E93-A20C-09495B9A6EC1}
	EndGlobalSection
EndGlobal
